
Microsoft Visual Studio Solution File, Format Version 12.00
# Visual Studio Version 18
VisualStudioVersion = 18.0.11012.119
MinimumVisualStudioVersion = 10.0.40219.1
Project("{2150E333-8FDC-42A3-9474-1A3956D46DE8}") = "src", "src", "{02EA681E-C7D8-13C7-8484-4AC65E1B71E8}"
	ProjectSection(SolutionItems) = preProject
		Directory.Packages.props = Directory.Packages.props
	EndProjectSection
EndProject
Project("{FAE04EC0-301F-11D3-BF4B-00C04F79EFBC}") = "MyModularMonolith.Shared", "MyModularMonolith.Shared\MyModularMonolith.Shared.csproj", "{BCA3C8F8-5DD0-4A92-A831-8CA1CD57207D}"
EndProject
Project("{FAE04EC0-301F-11D3-BF4B-00C04F79EFBC}") = "MyModularMonolith.Api", "MyModularMonolith.Api\MyModularMonolith.Api.csproj", "{FFB7CA7D-3453-42A4-B166-CD5012BF3577}"
EndProject
Project("{FAE04EC0-301F-11D3-BF4B-00C04F79EFBC}") = "MyModularMonolith.Modules.Users", "MyModularMonolith.Modules.Users\MyModularMonolith.Modules.Users.csproj", "{ECB5CDE7-8AE9-4061-A497-D42A6CFD9C37}"
EndProject
Project("{2150E333-8FDC-42A3-9474-1A3956D46DE8}") = "users", "users", "{D6752296-5112-4773-B4D9-24EF5E6A59B5}"
EndProject
Project("{FAE04EC0-301F-11D3-BF4B-00C04F79EFBC}") = "MyModularMonolith.Modules.Users.Contracts", "MyModularMonolith.Modules.Users.Contracts\MyModularMonolith.Modules.Users.Contracts.csproj", "{FFFC6B9A-1BF9-4144-8C98-5CEF26154EA2}"
EndProject
Project("{2150E333-8FDC-42A3-9474-1A3956D46DE8}") = "gyms", "gyms", "{891AC9D7-434E-47D7-81F4-73E6C8A2BD0B}"
EndProject
Project("{FAE04EC0-301F-11D3-BF4B-00C04F79EFBC}") = "MyModularMonolith.Modules.Gyms.Contracts", "MyModularMonolith.Modules.Gyms.Contracts\MyModularMonolith.Modules.Gyms.Contracts.csproj", "{8F42CE6A-99B8-44F4-8750-77EA3F16F2CD}"
EndProject
Project("{FAE04EC0-301F-11D3-BF4B-00C04F79EFBC}") = "MyModularMonolith.Modules.Gyms", "MyModularMonolith.Modules.Gyms\MyModularMonolith.Modules.Gyms.csproj", "{2CD76EA1-CAB5-4685-8E84-B985EB873B1C}"
EndProject
Project("{2150E333-8FDC-42A3-9474-1A3956D46DE8}") = "aiagent", "aiagent", "{5D041B67-9173-4BEA-B073-99CFE306EF9A}"
EndProject
Project("{FAE04EC0-301F-11D3-BF4B-00C04F79EFBC}") = "MyModularMonolith.Modules.AI", "MyModularMonolith.Modules.AI\MyModularMonolith.Modules.AI.csproj", "{3929D7BB-609A-4DBE-A511-80647C3DAED8}"
EndProject
Project("{2150E333-8FDC-42A3-9474-1A3956D46DE8}") = "tests", "tests", "{2559B42A-9307-4992-AA9F-62260D7939DC}"
EndProject
Project("{FAE04EC0-301F-11D3-BF4B-00C04F79EFBC}") = "MyModularMonolith.Tests", "MyModularMonolith.Tests\MyModularMonolith.Tests.csproj", "{3D658AEC-AB9C-4430-943C-3E12E0D9787C}"
EndProject
Project("{FAE04EC0-301F-11D3-BF4B-00C04F79EFBC}") = "MyModularMonolith.AppHost", "MyModularMonolith.AppHost\MyModularMonolith.AppHost.csproj", "{76E4A32C-C3C3-4792-A747-38AF08894AB1}"
EndProject
Project("{2150E333-8FDC-42A3-9474-1A3956D46DE8}") = "aspire", "aspire", "{FFF7F32E-0912-4DC6-8B75-17F3D3571DAB}"
EndProject
Global
	GlobalSection(SolutionConfigurationPlatforms) = preSolution
		Debug|Any CPU = Debug|Any CPU
		Debug|x64 = Debug|x64
		Debug|x86 = Debug|x86
		Release|Any CPU = Release|Any CPU
		Release|x64 = Release|x64
		Release|x86 = Release|x86
	EndGlobalSection
	GlobalSection(ProjectConfigurationPlatforms) = postSolution
		{BCA3C8F8-5DD0-4A92-A831-8CA1CD57207D}.Debug|Any CPU.ActiveCfg = Debug|Any CPU
		{BCA3C8F8-5DD0-4A92-A831-8CA1CD57207D}.Debug|Any CPU.Build.0 = Debug|Any CPU
		{BCA3C8F8-5DD0-4A92-A831-8CA1CD57207D}.Debug|x64.ActiveCfg = Debug|Any CPU
		{BCA3C8F8-5DD0-4A92-A831-8CA1CD57207D}.Debug|x64.Build.0 = Debug|Any CPU
		{BCA3C8F8-5DD0-4A92-A831-8CA1CD57207D}.Debug|x86.ActiveCfg = Debug|Any CPU
		{BCA3C8F8-5DD0-4A92-A831-8CA1CD57207D}.Debug|x86.Build.0 = Debug|Any CPU
		{BCA3C8F8-5DD0-4A92-A831-8CA1CD57207D}.Release|Any CPU.ActiveCfg = Release|Any CPU
		{BCA3C8F8-5DD0-4A92-A831-8CA1CD57207D}.Release|Any CPU.Build.0 = Release|Any CPU
		{BCA3C8F8-5DD0-4A92-A831-8CA1CD57207D}.Release|x64.ActiveCfg = Release|Any CPU
		{BCA3C8F8-5DD0-4A92-A831-8CA1CD57207D}.Release|x64.Build.0 = Release|Any CPU
		{BCA3C8F8-5DD0-4A92-A831-8CA1CD57207D}.Release|x86.ActiveCfg = Release|Any CPU
		{BCA3C8F8-5DD0-4A92-A831-8CA1CD57207D}.Release|x86.Build.0 = Release|Any CPU
		{FFB7CA7D-3453-42A4-B166-CD5012BF3577}.Debug|Any CPU.ActiveCfg = Debug|Any CPU
		{FFB7CA7D-3453-42A4-B166-CD5012BF3577}.Debug|Any CPU.Build.0 = Debug|Any CPU
		{FFB7CA7D-3453-42A4-B166-CD5012BF3577}.Debug|x64.ActiveCfg = Debug|Any CPU
		{FFB7CA7D-3453-42A4-B166-CD5012BF3577}.Debug|x64.Build.0 = Debug|Any CPU
		{FFB7CA7D-3453-42A4-B166-CD5012BF3577}.Debug|x86.ActiveCfg = Debug|Any CPU
		{FFB7CA7D-3453-42A4-B166-CD5012BF3577}.Debug|x86.Build.0 = Debug|Any CPU
		{FFB7CA7D-3453-42A4-B166-CD5012BF3577}.Release|Any CPU.ActiveCfg = Release|Any CPU
		{FFB7CA7D-3453-42A4-B166-CD5012BF3577}.Release|Any CPU.Build.0 = Release|Any CPU
		{FFB7CA7D-3453-42A4-B166-CD5012BF3577}.Release|x64.ActiveCfg = Release|Any CPU
		{FFB7CA7D-3453-42A4-B166-CD5012BF3577}.Release|x64.Build.0 = Release|Any CPU
		{FFB7CA7D-3453-42A4-B166-CD5012BF3577}.Release|x86.ActiveCfg = Release|Any CPU
		{FFB7CA7D-3453-42A4-B166-CD5012BF3577}.Release|x86.Build.0 = Release|Any CPU
		{ECB5CDE7-8AE9-4061-A497-D42A6CFD9C37}.Debug|Any CPU.ActiveCfg = Debug|Any CPU
		{ECB5CDE7-8AE9-4061-A497-D42A6CFD9C37}.Debug|Any CPU.Build.0 = Debug|Any CPU
		{ECB5CDE7-8AE9-4061-A497-D42A6CFD9C37}.Debug|x64.ActiveCfg = Debug|Any CPU
		{ECB5CDE7-8AE9-4061-A497-D42A6CFD9C37}.Debug|x64.Build.0 = Debug|Any CPU
		{ECB5CDE7-8AE9-4061-A497-D42A6CFD9C37}.Debug|x86.ActiveCfg = Debug|Any CPU
		{ECB5CDE7-8AE9-4061-A497-D42A6CFD9C37}.Debug|x86.Build.0 = Debug|Any CPU
		{ECB5CDE7-8AE9-4061-A497-D42A6CFD9C37}.Release|Any CPU.ActiveCfg = Release|Any CPU
		{ECB5CDE7-8AE9-4061-A497-D42A6CFD9C37}.Release|Any CPU.Build.0 = Release|Any CPU
		{ECB5CDE7-8AE9-4061-A497-D42A6CFD9C37}.Release|x64.ActiveCfg = Release|Any CPU
		{ECB5CDE7-8AE9-4061-A497-D42A6CFD9C37}.Release|x64.Build.0 = Release|Any CPU
		{ECB5CDE7-8AE9-4061-A497-D42A6CFD9C37}.Release|x86.ActiveCfg = Release|Any CPU
		{ECB5CDE7-8AE9-4061-A497-D42A6CFD9C37}.Release|x86.Build.0 = Release|Any CPU
		{FFFC6B9A-1BF9-4144-8C98-5CEF26154EA2}.Debug|Any CPU.ActiveCfg = Debug|Any CPU
		{FFFC6B9A-1BF9-4144-8C98-5CEF26154EA2}.Debug|Any CPU.Build.0 = Debug|Any CPU
		{FFFC6B9A-1BF9-4144-8C98-5CEF26154EA2}.Debug|x64.ActiveCfg = Debug|Any CPU
		{FFFC6B9A-1BF9-4144-8C98-5CEF26154EA2}.Debug|x64.Build.0 = Debug|Any CPU
		{FFFC6B9A-1BF9-4144-8C98-5CEF26154EA2}.Debug|x86.ActiveCfg = Debug|Any CPU
		{FFFC6B9A-1BF9-4144-8C98-5CEF26154EA2}.Debug|x86.Build.0 = Debug|Any CPU
		{FFFC6B9A-1BF9-4144-8C98-5CEF26154EA2}.Release|Any CPU.ActiveCfg = Release|Any CPU
		{FFFC6B9A-1BF9-4144-8C98-5CEF26154EA2}.Release|Any CPU.Build.0 = Release|Any CPU
		{FFFC6B9A-1BF9-4144-8C98-5CEF26154EA2}.Release|x64.ActiveCfg = Release|Any CPU
		{FFFC6B9A-1BF9-4144-8C98-5CEF26154EA2}.Release|x64.Build.0 = Release|Any CPU
		{FFFC6B9A-1BF9-4144-8C98-5CEF26154EA2}.Release|x86.ActiveCfg = Release|Any CPU
		{FFFC6B9A-1BF9-4144-8C98-5CEF26154EA2}.Release|x86.Build.0 = Release|Any CPU
		{8F42CE6A-99B8-44F4-8750-77EA3F16F2CD}.Debug|Any CPU.ActiveCfg = Debug|Any CPU
		{8F42CE6A-99B8-44F4-8750-77EA3F16F2CD}.Debug|Any CPU.Build.0 = Debug|Any CPU
		{8F42CE6A-99B8-44F4-8750-77EA3F16F2CD}.Debug|x64.ActiveCfg = Debug|Any CPU
		{8F42CE6A-99B8-44F4-8750-77EA3F16F2CD}.Debug|x64.Build.0 = Debug|Any CPU
		{8F42CE6A-99B8-44F4-8750-77EA3F16F2CD}.Debug|x86.ActiveCfg = Debug|Any CPU
		{8F42CE6A-99B8-44F4-8750-77EA3F16F2CD}.Debug|x86.Build.0 = Debug|Any CPU
		{8F42CE6A-99B8-44F4-8750-77EA3F16F2CD}.Release|Any CPU.ActiveCfg = Release|Any CPU
		{8F42CE6A-99B8-44F4-8750-77EA3F16F2CD}.Release|Any CPU.Build.0 = Release|Any CPU
		{8F42CE6A-99B8-44F4-8750-77EA3F16F2CD}.Release|x64.ActiveCfg = Release|Any CPU
		{8F42CE6A-99B8-44F4-8750-77EA3F16F2CD}.Release|x64.Build.0 = Release|Any CPU
		{8F42CE6A-99B8-44F4-8750-77EA3F16F2CD}.Release|x86.ActiveCfg = Release|Any CPU
		{8F42CE6A-99B8-44F4-8750-77EA3F16F2CD}.Release|x86.Build.0 = Release|Any CPU
		{2CD76EA1-CAB5-4685-8E84-B985EB873B1C}.Debug|Any CPU.ActiveCfg = Debug|Any CPU
		{2CD76EA1-CAB5-4685-8E84-B985EB873B1C}.Debug|Any CPU.Build.0 = Debug|Any CPU
		{2CD76EA1-CAB5-4685-8E84-B985EB873B1C}.Debug|x64.ActiveCfg = Debug|Any CPU
		{2CD76EA1-CAB5-4685-8E84-B985EB873B1C}.Debug|x64.Build.0 = Debug|Any CPU
		{2CD76EA1-CAB5-4685-8E84-B985EB873B1C}.Debug|x86.ActiveCfg = Debug|Any CPU
		{2CD76EA1-CAB5-4685-8E84-B985EB873B1C}.Debug|x86.Build.0 = Debug|Any CPU
		{2CD76EA1-CAB5-4685-8E84-B985EB873B1C}.Release|Any CPU.ActiveCfg = Release|Any CPU
		{2CD76EA1-CAB5-4685-8E84-B985EB873B1C}.Release|Any CPU.Build.0 = Release|Any CPU
		{2CD76EA1-CAB5-4685-8E84-B985EB873B1C}.Release|x64.ActiveCfg = Release|Any CPU
		{2CD76EA1-CAB5-4685-8E84-B985EB873B1C}.Release|x64.Build.0 = Release|Any CPU
		{2CD76EA1-CAB5-4685-8E84-B985EB873B1C}.Release|x86.ActiveCfg = Release|Any CPU
		{2CD76EA1-CAB5-4685-8E84-B985EB873B1C}.Release|x86.Build.0 = Release|Any CPU
		{3929D7BB-609A-4DBE-A511-80647C3DAED8}.Debug|Any CPU.ActiveCfg = Debug|Any CPU
		{3929D7BB-609A-4DBE-A511-80647C3DAED8}.Debug|Any CPU.Build.0 = Debug|Any CPU
		{3929D7BB-609A-4DBE-A511-80647C3DAED8}.Debug|x64.ActiveCfg = Debug|Any CPU
		{3929D7BB-609A-4DBE-A511-80647C3DAED8}.Debug|x64.Build.0 = Debug|Any CPU
		{3929D7BB-609A-4DBE-A511-80647C3DAED8}.Debug|x86.ActiveCfg = Debug|Any CPU
		{3929D7BB-609A-4DBE-A511-80647C3DAED8}.Debug|x86.Build.0 = Debug|Any CPU
		{3929D7BB-609A-4DBE-A511-80647C3DAED8}.Release|Any CPU.ActiveCfg = Release|Any CPU
		{3929D7BB-609A-4DBE-A511-80647C3DAED8}.Release|Any CPU.Build.0 = Release|Any CPU
		{3929D7BB-609A-4DBE-A511-80647C3DAED8}.Release|x64.ActiveCfg = Release|Any CPU
		{3929D7BB-609A-4DBE-A511-80647C3DAED8}.Release|x64.Build.0 = Release|Any CPU
		{3929D7BB-609A-4DBE-A511-80647C3DAED8}.Release|x86.ActiveCfg = Release|Any CPU
		{3929D7BB-609A-4DBE-A511-80647C3DAED8}.Release|x86.Build.0 = Release|Any CPU
		{3D658AEC-AB9C-4430-943C-3E12E0D9787C}.Debug|Any CPU.ActiveCfg = Debug|Any CPU
		{3D658AEC-AB9C-4430-943C-3E12E0D9787C}.Debug|Any CPU.Build.0 = Debug|Any CPU
		{3D658AEC-AB9C-4430-943C-3E12E0D9787C}.Debug|x64.ActiveCfg = Debug|Any CPU
		{3D658AEC-AB9C-4430-943C-3E12E0D9787C}.Debug|x64.Build.0 = Debug|Any CPU
		{3D658AEC-AB9C-4430-943C-3E12E0D9787C}.Debug|x86.ActiveCfg = Debug|Any CPU
		{3D658AEC-AB9C-4430-943C-3E12E0D9787C}.Debug|x86.Build.0 = Debug|Any CPU
		{3D658AEC-AB9C-4430-943C-3E12E0D9787C}.Release|Any CPU.ActiveCfg = Release|Any CPU
		{3D658AEC-AB9C-4430-943C-3E12E0D9787C}.Release|Any CPU.Build.0 = Release|Any CPU
		{3D658AEC-AB9C-4430-943C-3E12E0D9787C}.Release|x64.ActiveCfg = Release|Any CPU
		{3D658AEC-AB9C-4430-943C-3E12E0D9787C}.Release|x64.Build.0 = Release|Any CPU
		{3D658AEC-AB9C-4430-943C-3E12E0D9787C}.Release|x86.ActiveCfg = Release|Any CPU
		{3D658AEC-AB9C-4430-943C-3E12E0D9787C}.Release|x86.Build.0 = Release|Any CPU
		{76E4A32C-C3C3-4792-A747-38AF08894AB1}.Debug|Any CPU.ActiveCfg = Debug|Any CPU
		{76E4A32C-C3C3-4792-A747-38AF08894AB1}.Debug|Any CPU.Build.0 = Debug|Any CPU
		{76E4A32C-C3C3-4792-A747-38AF08894AB1}.Debug|x64.ActiveCfg = Debug|Any CPU
		{76E4A32C-C3C3-4792-A747-38AF08894AB1}.Debug|x64.Build.0 = Debug|Any CPU
		{76E4A32C-C3C3-4792-A747-38AF08894AB1}.Debug|x86.ActiveCfg = Debug|Any CPU
		{76E4A32C-C3C3-4792-A747-38AF08894AB1}.Debug|x86.Build.0 = Debug|Any CPU
		{76E4A32C-C3C3-4792-A747-38AF08894AB1}.Release|Any CPU.ActiveCfg = Release|Any CPU
		{76E4A32C-C3C3-4792-A747-38AF08894AB1}.Release|Any CPU.Build.0 = Release|Any CPU
		{76E4A32C-C3C3-4792-A747-38AF08894AB1}.Release|x64.ActiveCfg = Release|Any CPU
		{76E4A32C-C3C3-4792-A747-38AF08894AB1}.Release|x64.Build.0 = Release|Any CPU
		{76E4A32C-C3C3-4792-A747-38AF08894AB1}.Release|x86.ActiveCfg = Release|Any CPU
		{76E4A32C-C3C3-4792-A747-38AF08894AB1}.Release|x86.Build.0 = Release|Any CPU
	EndGlobalSection
	GlobalSection(SolutionProperties) = preSolution
		HideSolutionNode = FALSE
	EndGlobalSection
	GlobalSection(NestedProjects) = preSolution
		{BCA3C8F8-5DD0-4A92-A831-8CA1CD57207D} = {02EA681E-C7D8-13C7-8484-4AC65E1B71E8}
		{FFB7CA7D-3453-42A4-B166-CD5012BF3577} = {02EA681E-C7D8-13C7-8484-4AC65E1B71E8}
		{ECB5CDE7-8AE9-4061-A497-D42A6CFD9C37} = {D6752296-5112-4773-B4D9-24EF5E6A59B5}
		{D6752296-5112-4773-B4D9-24EF5E6A59B5} = {02EA681E-C7D8-13C7-8484-4AC65E1B71E8}
		{FFFC6B9A-1BF9-4144-8C98-5CEF26154EA2} = {D6752296-5112-4773-B4D9-24EF5E6A59B5}
		{891AC9D7-434E-47D7-81F4-73E6C8A2BD0B} = {02EA681E-C7D8-13C7-8484-4AC65E1B71E8}
		{8F42CE6A-99B8-44F4-8750-77EA3F16F2CD} = {891AC9D7-434E-47D7-81F4-73E6C8A2BD0B}
		{2CD76EA1-CAB5-4685-8E84-B985EB873B1C} = {891AC9D7-434E-47D7-81F4-73E6C8A2BD0B}
		{5D041B67-9173-4BEA-B073-99CFE306EF9A} = {02EA681E-C7D8-13C7-8484-4AC65E1B71E8}
		{3929D7BB-609A-4DBE-A511-80647C3DAED8} = {5D041B67-9173-4BEA-B073-99CFE306EF9A}
		{3D658AEC-AB9C-4430-943C-3E12E0D9787C} = {2559B42A-9307-4992-AA9F-62260D7939DC}
		{76E4A32C-C3C3-4792-A747-38AF08894AB1} = {FFF7F32E-0912-4DC6-8B75-17F3D3571DAB}
		{FFF7F32E-0912-4DC6-8B75-17F3D3571DAB} = {02EA681E-C7D8-13C7-8484-4AC65E1B71E8}
	EndGlobalSection
	GlobalSection(ExtensibilityGlobals) = postSolution
		SolutionGuid = {C724328A-2234-48CF-923D-0A52828E9262}
	EndGlobalSection
EndGlobal
